// !$*UTF8*$!
{
	archiveVersion = 1;
	classes = {
	};
	objectVersion = 55;
	objects = {

/* Begin PBXBuildFile section */
		45114D512868E8A7000BDB24 /* AppDelegate.swift in Sources */ = {isa = PBXBuildFile; fileRef = 45114D502868E8A7000BDB24 /* AppDelegate.swift */; };
		45114D532868E8A7000BDB24 /* SceneDelegate.swift in Sources */ = {isa = PBXBuildFile; fileRef = 45114D522868E8A7000BDB24 /* SceneDelegate.swift */; };
		45114D552868E8A7000BDB24 /* ViewController.swift in Sources */ = {isa = PBXBuildFile; fileRef = 45114D542868E8A7000BDB24 /* ViewController.swift */; };
		45114D582868E8A7000BDB24 /* Main.storyboard in Resources */ = {isa = PBXBuildFile; fileRef = 45114D562868E8A7000BDB24 /* Main.storyboard */; };
		45114D5A2868E8A8000BDB24 /* Assets.xcassets in Resources */ = {isa = PBXBuildFile; fileRef = 45114D592868E8A8000BDB24 /* Assets.xcassets */; };
		45114D5D2868E8A8000BDB24 /* LaunchScreen.storyboard in Resources */ = {isa = PBXBuildFile; fileRef = 45114D5B2868E8A8000BDB24 /* LaunchScreen.storyboard */; };
		45114D652868E941000BDB24 /* ColorPickerFooterView.swift in Sources */ = {isa = PBXBuildFile; fileRef = 45114D642868E941000BDB24 /* ColorPickerFooterView.swift */; };
		45114D672868EAD7000BDB24 /* ColorCell.swift in Sources */ = {isa = PBXBuildFile; fileRef = 45114D662868EAD6000BDB24 /* ColorCell.swift */; };
/* End PBXBuildFile section */

/* Begin PBXFileReference section */
		45114D4D2868E8A7000BDB24 /* ColorPalettesCollecitonView.app */ = {isa = PBXFileReference; explicitFileType = wrapper.application; includeInIndex = 0; path = ColorPalettesCollecitonView.app; sourceTree = BUILT_PRODUCTS_DIR; };
		45114D502868E8A7000BDB24 /* AppDelegate.swift */ = {isa = PBXFileReference; lastKnownFileType = sourcecode.swift; path = AppDelegate.swift; sourceTree = "<group>"; };
		45114D522868E8A7000BDB24 /* SceneDelegate.swift */ = {isa = PBXFileReference; lastKnownFileType = sourcecode.swift; path = SceneDelegate.swift; sourceTree = "<group>"; };
		45114D542868E8A7000BDB24 /* ViewController.swift */ = {isa = PBXFileReference; lastKnownFileType = sourcecode.swift; path = ViewController.swift; sourceTree = "<group>"; };
		45114D572868E8A7000BDB24 /* Base */ = {isa = PBXFileReference; lastKnownFileType = file.storyboard; name = Base; path = Base.lproj/Main.storyboard; sourceTree = "<group>"; };
		45114D592868E8A8000BDB24 /* Assets.xcassets */ = {isa = PBXFileReference; lastKnownFileType = folder.assetcatalog; path = Assets.xcassets; sourceTree = "<group>"; };
		45114D5C2868E8A8000BDB24 /* Base */ = {isa = PBXFileReference; lastKnownFileType = file.storyboard; name = Base; path = Base.lproj/LaunchScreen.storyboard; sourceTree = "<group>"; };
		45114D5E2868E8A8000BDB24 /* Info.plist */ = {isa = PBXFileReference; lastKnownFileType = text.plist.xml; path = Info.plist; sourceTree = "<group>"; };
		45114D642868E941000BDB24 /* ColorPickerFooterView.swift */ = {isa = PBXFileReference; lastKnownFileType = sourcecode.swift; path = ColorPickerFooterView.swift; sourceTree = "<group>"; };
		45114D662868EAD6000BDB24 /* ColorCell.swift */ = {isa = PBXFileReference; lastKnownFileType = sourcecode.swift; path = ColorCell.swift; sourceTree = "<group>"; };
/* End PBXFileReference section */

/* Begin PBXFrameworksBuildPhase section */
		45114D4A2868E8A7000BDB24 /* Frameworks */ = {
			isa = PBXFrameworksBuildPhase;
			buildActionMask = 2147483647;
			files = (
			);
			runOnlyForDeploymentPostprocessing = 0;
		};
/* End PBXFrameworksBuildPhase section */

/* Begin PBXGroup section */
		45114D442868E8A7000BDB24 = {
			isa = PBXGroup;
			children = (
				45114D4F2868E8A7000BDB24 /* ColorPalettesCollecitonView */,
				45114D4E2868E8A7000BDB24 /* Products */,
			);
			sourceTree = "<group>";
		};
		45114D4E2868E8A7000BDB24 /* Products */ = {
			isa = PBXGroup;
			children = (
				45114D4D2868E8A7000BDB24 /* ColorPalettesCollecitonView.app */,
			);
			name = Products;
			sourceTree = "<group>";
		};
		45114D4F2868E8A7000BDB24 /* ColorPalettesCollecitonView */ = {
			isa = PBXGroup;
			children = (
				45114D682868EADB000BDB24 /* ColorPicker */,
				45114D502868E8A7000BDB24 /* AppDelegate.swift */,
				45114D522868E8A7000BDB24 /* SceneDelegate.swift */,
				45114D542868E8A7000BDB24 /* ViewController.swift */,
				45114D562868E8A7000BDB24 /* Main.storyboard */,
				45114D592868E8A8000BDB24 /* Assets.xcassets */,
				45114D5B2868E8A8000BDB24 /* LaunchScreen.storyboard */,
				45114D5E2868E8A8000BDB24 /* Info.plist */,
			);
			path = ColorPalettesCollecitonView;
			sourceTree = "<group>";
		};
		45114D682868EADB000BDB24 /* ColorPicker */ = {
			isa = PBXGroup;
			children = (
				45114D662868EAD6000BDB24 /* ColorCell.swift */,
				45114D642868E941000BDB24 /* ColorPickerFooterView.swift */,
			);
			path = ColorPicker;
			sourceTree = "<group>";
		};
/* End PBXGroup section */

/* Begin PBXNativeTarget section */
		45114D4C2868E8A7000BDB24 /* ColorPalettesCollecitonView */ = {
			isa = PBXNativeTarget;
			buildConfigurationList = 45114D612868E8A8000BDB24 /* Build configuration list for PBXNativeTarget "ColorPalettesCollecitonView" */;
			buildPhases = (
				45114D492868E8A7000BDB24 /* Sources */,
				45114D4A2868E8A7000BDB24 /* Frameworks */,
				45114D4B2868E8A7000BDB24 /* Resources */,
			);
			buildRules = (
			);
			dependencies = (
			);
			name = ColorPalettesCollecitonView;
			productName = ColorPalettesCollecitonView;
			productReference = 45114D4D2868E8A7000BDB24 /* ColorPalettesCollecitonView.app */;
			productType = "com.apple.product-type.application";
		};
/* End PBXNativeTarget section */

/* Begin PBXProject section */
		45114D452868E8A7000BDB24 /* Project object */ = {
			isa = PBXProject;
			attributes = {
				BuildIndependentTargetsInParallel = 1;
				LastSwiftUpdateCheck = 1340;
				LastUpgradeCheck = 1340;
				TargetAttributes = {
					45114D4C2868E8A7000BDB24 = {
						CreatedOnToolsVersion = 13.4.1;
					};
				};
			};
			buildConfigurationList = 45114D482868E8A7000BDB24 /* Build configuration list for PBXProject "ColorPalettesCollecitonView" */;
			compatibilityVersion = "Xcode 13.0";
			developmentRegion = en;
			hasScannedForEncodings = 0;
			knownRegions = (
				en,
				Base,
			);
			mainGroup = 45114D442868E8A7000BDB24;
			productRefGroup = 45114D4E2868E8A7000BDB24 /* Products */;
			projectDirPath = "";
			projectRoot = "";
			targets = (
				45114D4C2868E8A7000BDB24 /* ColorPalettesCollecitonView */,
			);
		};
/* End PBXProject section */

/* Begin PBXResourcesBuildPhase section */
		45114D4B2868E8A7000BDB24 /* Resources */ = {
			isa = PBXResourcesBuildPhase;
			buildActionMask = 2147483647;
			files = (
				45114D5D2868E8A8000BDB24 /* LaunchScreen.storyboard in Resources */,
				45114D5A2868E8A8000BDB24 /* Assets.xcassets in Resources */,
				45114D582868E8A7000BDB24 /* Main.storyboard in Resources */,
			);
			runOnlyForDeploymentPostprocessing = 0;
		};
/* End PBXResourcesBuildPhase section */

/* Begin PBXSourcesBuildPhase section */
		45114D492868E8A7000BDB24 /* Sources */ = {
			isa = PBXSourcesBuildPhase;
			buildActionMask = 2147483647;
			files = (
				45114D552868E8A7000BDB24 /* ViewController.swift in Sources */,
				45114D652868E941000BDB24 /* ColorPickerFooterView.swift in Sources */,
				45114D512868E8A7000BDB24 /* AppDelegate.swift in Sources */,
				45114D672868EAD7000BDB24 /* ColorCell.swift in Sources */,
				45114D532868E8A7000BDB24 /* SceneDelegate.swift in Sources */,
			);
			runOnlyForDeploymentPostprocessing = 0;
		};
/* End PBXSourcesBuildPhase section */

/* Begin PBXVariantGroup section */
		45114D562868E8A7000BDB24 /* Main.storyboard */ = {
			isa = PBXVariantGroup;
			children = (
				45114D572868E8A7000BDB24 /* Base */,
			);
			name = Main.storyboard;
			sourceTree = "<group>";
		};
		45114D5B2868E8A8000BDB24 /* LaunchScreen.storyboard */ = {
			isa = PBXVariantGroup;
			children = (
				45114D5C2868E8A8000BDB24 /* Base */,
			);
			name = LaunchScreen.storyboard;
			sourceTree = "<group>";
		};
/* End PBXVariantGroup section */

/* Begin XCBuildConfiguration section */
		45114D5F2868E8A8000BDB24 /* Debug */ = {
			isa = XCBuildConfiguration;
			buildSettings = {
				ALWAYS_SEARCH_USER_PATHS = NO;
				CLANG_ANALYZER_NONNULL = YES;
				CLANG_ANALYZER_NUMBER_OBJECT_CONVERSION = YES_AGGRESSIVE;
				CLANG_CXX_LANGUAGE_STANDARD = "gnu++17";
				CLANG_ENABLE_MODULES = YES;
				CLANG_ENABLE_OBJC_ARC = YES;
				CLANG_ENABLE_OBJC_WEAK = YES;
				CLANG_WARN_BLOCK_CAPTURE_AUTORELEASING = YES;
				CLANG_WARN_BOOL_CONVERSION = YES;
				CLANG_WARN_COMMA = YES;
				CLANG_WARN_CONSTANT_CONVERSION = YES;
				CLANG_WARN_DEPRECATED_OBJC_IMPLEMENTATIONS = YES;
				CLANG_WARN_DIRECT_OBJC_ISA_USAGE = YES_ERROR;
				CLANG_WARN_DOCUMENTATION_COMMENTS = YES;
				CLANG_WARN_EMPTY_BODY = YES;
				CLANG_WARN_ENUM_CONVERSION = YES;
				CLANG_WARN_INFINITE_RECURSION = YES;
				CLANG_WARN_INT_CONVERSION = YES;
				CLANG_WARN_NON_LITERAL_NULL_CONVERSION = YES;
				CLANG_WARN_OBJC_IMPLICIT_RETAIN_SELF = YES;
				CLANG_WARN_OBJC_LITERAL_CONVERSION = YES;
				CLANG_WARN_OBJC_ROOT_CLASS = YES_ERROR;
				CLANG_WARN_QUOTED_INCLUDE_IN_FRAMEWORK_HEADER = YES;
				CLANG_WARN_RANGE_LOOP_ANALYSIS = YES;
				CLANG_WARN_STRICT_PROTOTYPES = YES;
				CLANG_WARN_SUSPICIOUS_MOVE = YES;
				CLANG_WARN_UNGUARDED_AVAILABILITY = YES_AGGRESSIVE;
				CLANG_WARN_UNREACHABLE_CODE = YES;
				CLANG_WARN__DUPLICATE_METHOD_MATCH = YES;
				COPY_PHASE_STRIP = NO;
				DEBUG_INFORMATION_FORMAT = dwarf;
				ENABLE_STRICT_OBJC_MSGSEND = YES;
				ENABLE_TESTABILITY = YES;
				GCC_C_LANGUAGE_STANDARD = gnu11;
				GCC_DYNAMIC_NO_PIC = NO;
				GCC_NO_COMMON_BLOCKS = YES;
				GCC_OPTIMIZATION_LEVEL = 0;
				GCC_PREPROCESSOR_DEFINITIONS = (
					"DEBUG=1",
					"$(inherited)",
				);
				GCC_WARN_64_TO_32_BIT_CONVERSION = YES;
				GCC_WARN_ABOUT_RETURN_TYPE = YES_ERROR;
				GCC_WARN_UNDECLARED_SELECTOR = YES;
				GCC_WARN_UNINITIALIZED_AUTOS = YES_AGGRESSIVE;
				GCC_WARN_UNUSED_FUNCTION = YES;
				GCC_WARN_UNUSED_VARIABLE = YES;
				IPHONEOS_DEPLOYMENT_TARGET = 15.5;
				MTL_ENABLE_DEBUG_INFO = INCLUDE_SOURCE;
				MTL_FAST_MATH = YES;
				ONLY_ACTIVE_ARCH = YES;
				SDKROOT = iphoneos;
				SWIFT_ACTIVE_COMPILATION_CONDITIONS = DEBUG;
				SWIFT_OPTIMIZATION_LEVEL = "-Onone";
			};
			name = Debug;
		};
		45114D602868E8A8000BDB24 /* Release */ = {
			isa = XCBuildConfiguration;
			buildSettings = {
				ALWAYS_SEARCH_USER_PATHS = NO;
				CLANG_ANALYZER_NONNULL = YES;
				CLANG_ANALYZER_NUMBER_OBJECT_CONVERSION = YES_AGGRESSIVE;
				CLANG_CXX_LANGUAGE_STANDARD = "gnu++17";
				CLANG_ENABLE_MODULES = YES;
				CLANG_ENABLE_OBJC_ARC = YES;
				CLANG_ENABLE_OBJC_WEAK = YES;
				CLANG_WARN_BLOCK_CAPTURE_AUTORELEASING = YES;
				CLANG_WARN_BOOL_CONVERSION = YES;
				CLANG_WARN_COMMA = YES;
				CLANG_WARN_CONSTANT_CONVERSION = YES;
				CLANG_WARN_DEPRECATED_OBJC_IMPLEMENTATIONS = YES;
				CLANG_WARN_DIRECT_OBJC_ISA_USAGE = YES_ERROR;
				CLANG_WARN_DOCUMENTATION_COMMENTS = YES;
				CLANG_WARN_EMPTY_BODY = YES;
				CLANG_WARN_ENUM_CONVERSION = YES;
				CLANG_WARN_INFINITE_RECURSION = YES;
				CLANG_WARN_INT_CONVERSION = YES;
				CLANG_WARN_NON_LITERAL_NULL_CONVERSION = YES;
				CLANG_WARN_OBJC_IMPLICIT_RETAIN_SELF = YES;
				CLANG_WARN_OBJC_LITERAL_CONVERSION = YES;
				CLANG_WARN_OBJC_ROOT_CLASS = YES_ERROR;
				CLANG_WARN_QUOTED_INCLUDE_IN_FRAMEWORK_HEADER = YES;
				CLANG_WARN_RANGE_LOOP_ANALYSIS = YES;
				CLANG_WARN_STRICT_PROTOTYPES = YES;
				CLANG_WARN_SUSPICIOUS_MOVE = YES;
				CLANG_WARN_UNGUARDED_AVAILABILITY = YES_AGGRESSIVE;
				CLANG_WARN_UNREACHABLE_CODE = YES;
				CLANG_WARN__DUPLICATE_METHOD_MATCH = YES;
				COPY_PHASE_STRIP = NO;
				DEBUG_INFORMATION_FORMAT = "dwarf-with-dsym";
				ENABLE_NS_ASSERTIONS = NO;
				ENABLE_STRICT_OBJC_MSGSEND = YES;
				GCC_C_LANGUAGE_STANDARD = gnu11;
				GCC_NO_COMMON_BLOCKS = YES;
				GCC_WARN_64_TO_32_BIT_CONVERSION = YES;
				GCC_WARN_ABOUT_RETURN_TYPE = YES_ERROR;
				GCC_WARN_UNDECLARED_SELECTOR = YES;
				GCC_WARN_UNINITIALIZED_AUTOS = YES_AGGRESSIVE;
				GCC_WARN_UNUSED_FUNCTION = YES;
				GCC_WARN_UNUSED_VARIABLE = YES;
				IPHONEOS_DEPLOYMENT_TARGET = 15.5;
				MTL_ENABLE_DEBUG_INFO = NO;
				MTL_FAST_MATH = YES;
				SDKROOT = iphoneos;
				SWIFT_COMPILATION_MODE = wholemodule;
				SWIFT_OPTIMIZATION_LEVEL = "-O";
				VALIDATE_PRODUCT = YES;
			};
			name = Release;
		};
		45114D622868E8A8000BDB24 /* Debug */ = {
			isa = XCBuildConfiguration;
			buildSettings = {
				ASSETCATALOG_COMPILER_APPICON_NAME = AppIcon;
				ASSETCATALOG_COMPILER_GLOBAL_ACCENT_COLOR_NAME = AccentColor;
				CODE_SIGN_STYLE = Automatic;
				CURRENT_PROJECT_VERSION = 1;
				DEVELOPMENT_TEAM = RE4YFXSB23;
				GENERATE_INFOPLIST_FILE = YES;
				INFOPLIST_FILE = ColorPalettesCollecitonView/Info.plist;
				INFOPLIST_KEY_UIApplicationSupportsIndirectInputEvents = YES;
				INFOPLIST_KEY_UILaunchStoryboardName = LaunchScreen;
				INFOPLIST_KEY_UIMainStoryboardFile = Main;
				INFOPLIST_KEY_UISupportedInterfaceOrientations_iPad = "UIInterfaceOrientationPortrait UIInterfaceOrientationPortraitUpsideDown UIInterfaceOrientationLandscapeLeft UIInterfaceOrientationLandscapeRight";
				INFOPLIST_KEY_UISupportedInterfaceOrientations_iPhone = "UIInterfaceOrientationPortrait UIInterfaceOrientationLandscapeLeft UIInterfaceOrientationLandscapeRight";
				LD_RUNPATH_SEARCH_PATHS = (
					"$(inherited)",
					"@executable_path/Frameworks",
				);
				MARKETING_VERSION = 1.0;
				PRODUCT_BUNDLE_IDENTIFIER = com.glennposadas.example.ColorPalettesCollecitonView;
				PRODUCT_NAME = "$(TARGET_NAME)";
				SWIFT_EMIT_LOC_STRINGS = YES;
				SWIFT_VERSION = 5.0;
				TARGETED_DEVICE_FAMILY = "1,2";
			};
			name = Debug;
		};
		45114D632868E8A8000BDB24 /* Release */ = {
			isa = XCBuildConfiguration;
			buildSettings = {
				ASSETCATALOG_COMPILER_APPICON_NAME = AppIcon;
				ASSETCATALOG_COMPILER_GLOBAL_ACCENT_COLOR_NAME = AccentColor;
				CODE_SIGN_STYLE = Automatic;
				CURRENT_PROJECT_VERSION = 1;
				DEVELOPMENT_TEAM = RE4YFXSB23;
				GENERATE_INFOPLIST_FILE = YES;
				INFOPLIST_FILE = ColorPalettesCollecitonView/Info.plist;
				INFOPLIST_KEY_UIApplicationSupportsIndirectInputEvents = YES;
				INFOPLIST_KEY_UILaunchStoryboardName = LaunchScreen;
				INFOPLIST_KEY_UIMainStoryboardFile = Main;
				INFOPLIST_KEY_UISupportedInterfaceOrientations_iPad = "UIInterfaceOrientationPortrait UIInterfaceOrientationPortraitUpsideDown UIInterfaceOrientationLandscapeLeft UIInterfaceOrientationLandscapeRight";
				INFOPLIST_KEY_UISupportedInterfaceOrientations_iPhone = "UIInterfaceOrientationPortrait UIInterfaceOrientationLandscapeLeft UIInterfaceOrientationLandscapeRight";
				LD_RUNPATH_SEARCH_PATHS = (
					"$(inherited)",
					"@executable_path/Frameworks",
				);
				MARKETING_VERSION = 1.0;
				PRODUCT_BUNDLE_IDENTIFIER = com.glennposadas.example.ColorPalettesCollecitonView;
				PRODUCT_NAME = "$(TARGET_NAME)";
				SWIFT_EMIT_LOC_STRINGS = YES;
				SWIFT_VERSION = 5.0;
				TARGETED_DEVICE_FAMILY = "1,2";
			};
			name = Release;
		};
/* End XCBuildConfiguration section */

/* Begin XCConfigurationList section */
		45114D482868E8A7000BDB24 /* Build configuration list for PBXProject "ColorPalettesCollecitonView" */ = {
			isa = XCConfigurationList;
			buildConfigurations = (
				45114D5F2868E8A8000BDB24 /* Debug */,
				45114D602868E8A8000BDB24 /* Release */,
			);
			defaultConfigurationIsVisible = 0;
			defaultConfigurationName = Release;
		};
		45114D612868E8A8000BDB24 /* Build configuration list for PBXNativeTarget "ColorPalettesCollecitonView" */ = {
			isa = XCConfigurationList;
			buildConfigurations = (
				45114D622868E8A8000BDB24 /* Debug */,
				45114D632868E8A8000BDB24 /* Release */,
			);
			defaultConfigurationIsVisible = 0;
			defaultConfigurationName = Release;
		};
/* End XCConfigurationList section */
	};
	rootObject = 45114D452868E8A7000BDB24 /* Project object */;
}
